
Microsoft Visual Studio Solution File, Format Version 11.00
# Visual Studio 2010
Project("{FAE04EC0-301F-11D3-BF4B-00C04F79EFBC}") = "AccidentalNoisePrototype", "AccidentalNoisePrototype\AccidentalNoisePrototype.csproj", "{0C3BABBA-3E0E-4C63-84A4-F1B19062B271}"
EndProject
Project("{FAE04EC0-301F-11D3-BF4B-00C04F79EFBC}") = "AccidentalNoise", "AccidentalNoise\AccidentalNoise.csproj", "{548C482E-7AD8-4DD7-B32A-F09340C7A04E}"
EndProject
Global
	GlobalSection(SolutionConfigurationPlatforms) = preSolution
		Debug|Any CPU = Debug|Any CPU
		Debug|Mixed Platforms = Debug|Mixed Platforms
		Debug|x86 = Debug|x86
		Release|Any CPU = Release|Any CPU
		Release|Mixed Platforms = Release|Mixed Platforms
		Release|x86 = Release|x86
	EndGlobalSection
	GlobalSection(ProjectConfigurationPlatforms) = postSolution
		{0C3BABBA-3E0E-4C63-84A4-F1B19062B271}.Debug|Any CPU.ActiveCfg = Debug|x86
		{0C3BABBA-3E0E-4C63-84A4-F1B19062B271}.Debug|Mixed Platforms.ActiveCfg = Debug|x86
		{0C3BABBA-3E0E-4C63-84A4-F1B19062B271}.Debug|Mixed Platforms.Build.0 = Debug|x86
		{0C3BABBA-3E0E-4C63-84A4-F1B19062B271}.Debug|x86.ActiveCfg = Debug|x86
		{0C3BABBA-3E0E-4C63-84A4-F1B19062B271}.Debug|x86.Build.0 = Debug|x86
		{0C3BABBA-3E0E-4C63-84A4-F1B19062B271}.Release|Any CPU.ActiveCfg = Release|x86
		{0C3BABBA-3E0E-4C63-84A4-F1B19062B271}.Release|Mixed Platforms.ActiveCfg = Release|x86
		{0C3BABBA-3E0E-4C63-84A4-F1B19062B271}.Release|Mixed Platforms.Build.0 = Release|x86
		{0C3BABBA-3E0E-4C63-84A4-F1B19062B271}.Release|x86.ActiveCfg = Release|x86
		{0C3BABBA-3E0E-4C63-84A4-F1B19062B271}.Release|x86.Build.0 = Release|x86
		{548C482E-7AD8-4DD7-B32A-F09340C7A04E}.Debug|Any CPU.ActiveCfg = Debug|Any CPU
		{548C482E-7AD8-4DD7-B32A-F09340C7A04E}.Debug|Any CPU.Build.0 = Debug|Any CPU
		{548C482E-7AD8-4DD7-B32A-F09340C7A04E}.Debug|Mixed Platforms.ActiveCfg = Debug|Any CPU
		{548C482E-7AD8-4DD7-B32A-F09340C7A04E}.Debug|Mixed Platforms.Build.0 = Debug|Any CPU
		{548C482E-7AD8-4DD7-B32A-F09340C7A04E}.Debug|x86.ActiveCfg = Debug|Any CPU
		{548C482E-7AD8-4DD7-B32A-F09340C7A04E}.Release|Any CPU.ActiveCfg = Release|Any CPU
		{548C482E-7AD8-4DD7-B32A-F09340C7A04E}.Release|Any CPU.Build.0 = Release|Any CPU
		{548C482E-7AD8-4DD7-B32A-F09340C7A04E}.Release|Mixed Platforms.ActiveCfg = Release|Any CPU
		{548C482E-7AD8-4DD7-B32A-F09340C7A04E}.Release|Mixed Platforms.Build.0 = Release|Any CPU
		{548C482E-7AD8-4DD7-B32A-F09340C7A04E}.Release|x86.ActiveCfg = Release|Any CPU
	EndGlobalSection
	GlobalSection(SolutionProperties) = preSolution
		HideSolutionNode = FALSE
	EndGlobalSection
EndGlobal
